
Microsoft Visual Studio Solution File, Format Version 12.00
# Visual Studio 15
VisualStudioVersion = 15.0.27703.2042
MinimumVisualStudioVersion = 10.0.40219.1
Project("{9A19103F-16F7-4668-BE54-9A1E7A4F7556}") = "Connect4", "Connect4\Connect4.csproj", "{763E3BC6-5A5D-4571-BEFE-2ECA3A4D9880}"
EndProject
Project("{FAE04EC0-301F-11D3-BF4B-00C04F79EFBC}") = "TesteTabuleiro", "TesteTabuleiro\TesteTabuleiro.csproj", "{A32345A0-DDC1-470A-BB67-D73BCAF9C36E}"
EndProject
Global
	GlobalSection(SolutionConfigurationPlatforms) = preSolution
		Debug|Any CPU = Debug|Any CPU
		Release|Any CPU = Release|Any CPU
	EndGlobalSection
	GlobalSection(ProjectConfigurationPlatforms) = postSolution
		{763E3BC6-5A5D-4571-BEFE-2ECA3A4D9880}.Debug|Any CPU.ActiveCfg = Debug|Any CPU
		{763E3BC6-5A5D-4571-BEFE-2ECA3A4D9880}.Debug|Any CPU.Build.0 = Debug|Any CPU
		{763E3BC6-5A5D-4571-BEFE-2ECA3A4D9880}.Release|Any CPU.ActiveCfg = Release|Any CPU
		{763E3BC6-5A5D-4571-BEFE-2ECA3A4D9880}.Release|Any CPU.Build.0 = Release|Any CPU
		{A32345A0-DDC1-470A-BB67-D73BCAF9C36E}.Debug|Any CPU.ActiveCfg = Debug|Any CPU
		{A32345A0-DDC1-470A-BB67-D73BCAF9C36E}.Debug|Any CPU.Build.0 = Debug|Any CPU
		{A32345A0-DDC1-470A-BB67-D73BCAF9C36E}.Release|Any CPU.ActiveCfg = Release|Any CPU
		{A32345A0-DDC1-470A-BB67-D73BCAF9C36E}.Release|Any CPU.Build.0 = Release|Any CPU
	EndGlobalSection
	GlobalSection(SolutionProperties) = preSolution
		HideSolutionNode = FALSE
	EndGlobalSection
	GlobalSection(ExtensibilityGlobals) = postSolution
		SolutionGuid = {E1B1B3F5-AB04-4FA1-AADC-5AFE5D94E216}
	EndGlobalSection
EndGlobal
